
Microsoft Visual Studio Solution File, Format Version 12.00
# Visual Studio Version 17
VisualStudioVersion = 17.5.002.0
MinimumVisualStudioVersion = 10.0.40219.1
Project("{9A19103F-16F7-4668-BE54-9A1E7A4F7556}") = "ReturnOS", "ReturnOS.csproj", "{44A88ABD-6727-42CC-A80F-4851AE6E2694}"
EndProject
Global
	GlobalSection(SolutionConfigurationPlatforms) = preSolution
		Debug|Any CPU = Debug|Any CPU
		Release|Any CPU = Release|Any CPU
	EndGlobalSection
	GlobalSection(ProjectConfigurationPlatforms) = postSolution
		{44A88ABD-6727-42CC-A80F-4851AE6E2694}.Debug|Any CPU.ActiveCfg = Debug|Any CPU
		{44A88ABD-6727-42CC-A80F-4851AE6E2694}.Debug|Any CPU.Build.0 = Debug|Any CPU
		{44A88ABD-6727-42CC-A80F-4851AE6E2694}.Release|Any CPU.ActiveCfg = Release|Any CPU
		{44A88ABD-6727-42CC-A80F-4851AE6E2694}.Release|Any CPU.Build.0 = Release|Any CPU
	EndGlobalSection
	GlobalSection(SolutionProperties) = preSolution
		HideSolutionNode = FALSE
	EndGlobalSection
	GlobalSection(ExtensibilityGlobals) = postSolution
		SolutionGuid = {474D0934-DF24-4C4A-BE31-98957B623A09}
	EndGlobalSection
EndGlobal
